// !$*UTF8*$!
{
	archiveVersion = 1;
	classes = {
	};
	objectVersion = 46;
	objects = {

/* Begin PBXBuildFile section */
		EA6498091508FB570077266D /* UIKit.framework in Frameworks */ = {isa = PBXBuildFile; fileRef = EA6498081508FB570077266D /* UIKit.framework */; };
		EA64980B1508FB570077266D /* Foundation.framework in Frameworks */ = {isa = PBXBuildFile; fileRef = EA64980A1508FB570077266D /* Foundation.framework */; };
		EA64980D1508FB570077266D /* CoreGraphics.framework in Frameworks */ = {isa = PBXBuildFile; fileRef = EA64980C1508FB570077266D /* CoreGraphics.framework */; };
		EA6498131508FB570077266D /* InfoPlist.strings in Resources */ = {isa = PBXBuildFile; fileRef = EA6498111508FB570077266D /* InfoPlist.strings */; };
		EA6498151508FB570077266D /* main.m in Sources */ = {isa = PBXBuildFile; fileRef = EA6498141508FB570077266D /* main.m */; };
		EA6498191508FB570077266D /* Ex09AppDelegate.m in Sources */ = {isa = PBXBuildFile; fileRef = EA6498181508FB570077266D /* Ex09AppDelegate.m */; };
		EA649822150923080077266D /* RecipeTableViewController.m in Sources */ = {isa = PBXBuildFile; fileRef = EA649820150923080077266D /* RecipeTableViewController.m */; };
		EA649823150923080077266D /* RecipeTableViewController.xib in Resources */ = {isa = PBXBuildFile; fileRef = EA649821150923080077266D /* RecipeTableViewController.xib */; };
/* End PBXBuildFile section */

/* Begin PBXFileReference section */
		EA6498041508FB570077266D /* Excercise09.app */ = {isa = PBXFileReference; explicitFileType = wrapper.application; includeInIndex = 0; path = Excercise09.app; sourceTree = BUILT_PRODUCTS_DIR; };
		EA6498081508FB570077266D /* UIKit.framework */ = {isa = PBXFileReference; lastKnownFileType = wrapper.framework; name = UIKit.framework; path = System/Library/Frameworks/UIKit.framework; sourceTree = SDKROOT; };
		EA64980A1508FB570077266D /* Foundation.framework */ = {isa = PBXFileReference; lastKnownFileType = wrapper.framework; name = Foundation.framework; path = System/Library/Frameworks/Foundation.framework; sourceTree = SDKROOT; };
		EA64980C1508FB570077266D /* CoreGraphics.framework */ = {isa = PBXFileReference; lastKnownFileType = wrapper.framework; name = CoreGraphics.framework; path = System/Library/Frameworks/CoreGraphics.framework; sourceTree = SDKROOT; };
		EA6498101508FB570077266D /* Excercise09-Info.plist */ = {isa = PBXFileReference; lastKnownFileType = text.plist.xml; path = "Excercise09-Info.plist"; sourceTree = "<group>"; };
		EA6498121508FB570077266D /* en */ = {isa = PBXFileReference; lastKnownFileType = text.plist.strings; name = en; path = en.lproj/InfoPlist.strings; sourceTree = "<group>"; };
		EA6498141508FB570077266D /* main.m */ = {isa = PBXFileReference; lastKnownFileType = sourcecode.c.objc; path = main.m; sourceTree = "<group>"; };
		EA6498161508FB570077266D /* Excercise09-Prefix.pch */ = {isa = PBXFileReference; lastKnownFileType = sourcecode.c.h; path = "Excercise09-Prefix.pch"; sourceTree = "<group>"; };
		EA6498171508FB570077266D /* Ex09AppDelegate.h */ = {isa = PBXFileReference; lastKnownFileType = sourcecode.c.h; path = Ex09AppDelegate.h; sourceTree = "<group>"; };
		EA6498181508FB570077266D /* Ex09AppDelegate.m */ = {isa = PBXFileReference; lastKnownFileType = sourcecode.c.objc; path = Ex09AppDelegate.m; sourceTree = "<group>"; };
		EA64981F150923080077266D /* RecipeTableViewController.h */ = {isa = PBXFileReference; fileEncoding = 4; lastKnownFileType = sourcecode.c.h; path = RecipeTableViewController.h; sourceTree = "<group>"; };
		EA649820150923080077266D /* RecipeTableViewController.m */ = {isa = PBXFileReference; fileEncoding = 4; lastKnownFileType = sourcecode.c.objc; path = RecipeTableViewController.m; sourceTree = "<group>"; };
		EA649821150923080077266D /* RecipeTableViewController.xib */ = {isa = PBXFileReference; fileEncoding = 4; lastKnownFileType = file.xib; path = RecipeTableViewController.xib; sourceTree = "<group>"; };
/* End PBXFileReference section */

/* Begin PBXFrameworksBuildPhase section */
		EA6498011508FB570077266D /* Frameworks */ = {
			isa = PBXFrameworksBuildPhase;
			buildActionMask = 2147483647;
			files = (
				EA6498091508FB570077266D /* UIKit.framework in Frameworks */,
				EA64980B1508FB570077266D /* Foundation.framework in Frameworks */,
				EA64980D1508FB570077266D /* CoreGraphics.framework in Frameworks */,
			);
			runOnlyForDeploymentPostprocessing = 0;
		};
/* End PBXFrameworksBuildPhase section */

/* Begin PBXGroup section */
		EA6497F91508FB570077266D = {
			isa = PBXGroup;
			children = (
				EA64980E1508FB570077266D /* Excercise09 */,
				EA6498071508FB570077266D /* Frameworks */,
				EA6498051508FB570077266D /* Products */,
			);
			sourceTree = "<group>";
		};
		EA6498051508FB570077266D /* Products */ = {
			isa = PBXGroup;
			children = (
				EA6498041508FB570077266D /* Excercise09.app */,
			);
			name = Products;
			sourceTree = "<group>";
		};
		EA6498071508FB570077266D /* Frameworks */ = {
			isa = PBXGroup;
			children = (
				EA6498081508FB570077266D /* UIKit.framework */,
				EA64980A1508FB570077266D /* Foundation.framework */,
				EA64980C1508FB570077266D /* CoreGraphics.framework */,
			);
			name = Frameworks;
			sourceTree = "<group>";
		};
		EA64980E1508FB570077266D /* Excercise09 */ = {
			isa = PBXGroup;
			children = (
				EA6498171508FB570077266D /* Ex09AppDelegate.h */,
				EA6498181508FB570077266D /* Ex09AppDelegate.m */,
				EA64980F1508FB570077266D /* Supporting Files */,
				EA64981F150923080077266D /* RecipeTableViewController.h */,
				EA649820150923080077266D /* RecipeTableViewController.m */,
				EA649821150923080077266D /* RecipeTableViewController.xib */,
			);
			path = Excercise09;
			sourceTree = "<group>";
		};
		EA64980F1508FB570077266D /* Supporting Files */ = {
			isa = PBXGroup;
			children = (
				EA6498101508FB570077266D /* Excercise09-Info.plist */,
				EA6498111508FB570077266D /* InfoPlist.strings */,
				EA6498141508FB570077266D /* main.m */,
				EA6498161508FB570077266D /* Excercise09-Prefix.pch */,
			);
			name = "Supporting Files";
			sourceTree = "<group>";
		};
/* End PBXGroup section */

/* Begin PBXNativeTarget section */
		EA6498031508FB570077266D /* Excercise09 */ = {
			isa = PBXNativeTarget;
			buildConfigurationList = EA64981C1508FB570077266D /* Build configuration list for PBXNativeTarget "Excercise09" */;
			buildPhases = (
				EA6498001508FB570077266D /* Sources */,
				EA6498011508FB570077266D /* Frameworks */,
				EA6498021508FB570077266D /* Resources */,
			);
			buildRules = (
			);
			dependencies = (
			);
			name = Excercise09;
			productName = Excercise09;
			productReference = EA6498041508FB570077266D /* Excercise09.app */;
			productType = "com.apple.product-type.application";
		};
/* End PBXNativeTarget section */

/* Begin PBXProject section */
		EA6497FB1508FB570077266D /* Project object */ = {
			isa = PBXProject;
			attributes = {
				LastUpgradeCheck = 0420;
			};
			buildConfigurationList = EA6497FE1508FB570077266D /* Build configuration list for PBXProject "Excercise09" */;
			compatibilityVersion = "Xcode 3.2";
			developmentRegion = English;
			hasScannedForEncodings = 0;
			knownRegions = (
				en,
			);
			mainGroup = EA6497F91508FB570077266D;
			productRefGroup = EA6498051508FB570077266D /* Products */;
			projectDirPath = "";
			projectRoot = "";
			targets = (
				EA6498031508FB570077266D /* Excercise09 */,
			);
		};
/* End PBXProject section */

/* Begin PBXResourcesBuildPhase section */
		EA6498021508FB570077266D /* Resources */ = {
			isa = PBXResourcesBuildPhase;
			buildActionMask = 2147483647;
			files = (
				EA6498131508FB570077266D /* InfoPlist.strings in Resources */,
				EA649823150923080077266D /* RecipeTableViewController.xib in Resources */,
			);
			runOnlyForDeploymentPostprocessing = 0;
		};
/* End PBXResourcesBuildPhase section */

/* Begin PBXSourcesBuildPhase section */
		EA6498001508FB570077266D /* Sources */ = {
			isa = PBXSourcesBuildPhase;
			buildActionMask = 2147483647;
			files = (
				EA6498151508FB570077266D /* main.m in Sources */,
				EA6498191508FB570077266D /* Ex09AppDelegate.m in Sources */,
				EA649822150923080077266D /* RecipeTableViewController.m in Sources */,
			);
			runOnlyForDeploymentPostprocessing = 0;
		};
/* End PBXSourcesBuildPhase section */

/* Begin PBXVariantGroup section */
		EA6498111508FB570077266D /* InfoPlist.strings */ = {
			isa = PBXVariantGroup;
			children = (
				EA6498121508FB570077266D /* en */,
			);
			name = InfoPlist.strings;
			sourceTree = "<group>";
		};
/* End PBXVariantGroup section */

/* Begin XCBuildConfiguration section */
		EA64981A1508FB570077266D /* Debug */ = {
			isa = XCBuildConfiguration;
			buildSettings = {
				ALWAYS_SEARCH_USER_PATHS = NO;
				ARCHS = "$(ARCHS_STANDARD_32_BIT)";
				"CODE_SIGN_IDENTITY[sdk=iphoneos*]" = "iPhone Developer";
				COPY_PHASE_STRIP = NO;
				GCC_C_LANGUAGE_STANDARD = gnu99;
				GCC_DYNAMIC_NO_PIC = NO;
				GCC_OPTIMIZATION_LEVEL = 0;
				GCC_PREPROCESSOR_DEFINITIONS = (
					"DEBUG=1",
					"$(inherited)",
				);
				GCC_SYMBOLS_PRIVATE_EXTERN = NO;
				GCC_VERSION = com.apple.compilers.llvm.clang.1_0;
				GCC_WARN_ABOUT_MISSING_PROTOTYPES = YES;
				GCC_WARN_ABOUT_RETURN_TYPE = YES;
				GCC_WARN_UNUSED_VARIABLE = YES;
				IPHONEOS_DEPLOYMENT_TARGET = 5.0;
				SDKROOT = iphoneos;
			};
			name = Debug;
		};
		EA64981B1508FB570077266D /* Release */ = {
			isa = XCBuildConfiguration;
			buildSettings = {
				ALWAYS_SEARCH_USER_PATHS = NO;
				ARCHS = "$(ARCHS_STANDARD_32_BIT)";
				"CODE_SIGN_IDENTITY[sdk=iphoneos*]" = "iPhone Developer";
				COPY_PHASE_STRIP = YES;
				GCC_C_LANGUAGE_STANDARD = gnu99;
				GCC_VERSION = com.apple.compilers.llvm.clang.1_0;
				GCC_WARN_ABOUT_MISSING_PROTOTYPES = YES;
				GCC_WARN_ABOUT_RETURN_TYPE = YES;
				GCC_WARN_UNUSED_VARIABLE = YES;
				IPHONEOS_DEPLOYMENT_TARGET = 5.0;
				OTHER_CFLAGS = "-DNS_BLOCK_ASSERTIONS=1";
				SDKROOT = iphoneos;
				VALIDATE_PRODUCT = YES;
			};
			name = Release;
		};
		EA64981D1508FB570077266D /* Debug */ = {
			isa = XCBuildConfiguration;
			buildSettings = {
				GCC_PRECOMPILE_PREFIX_HEADER = YES;
				GCC_PREFIX_HEADER = "Excercise09/Excercise09-Prefix.pch";
				INFOPLIST_FILE = "Excercise09/Excercise09-Info.plist";
				PRODUCT_NAME = "$(TARGET_NAME)";
				WRAPPER_EXTENSION = app;
			};
			name = Debug;
		};
		EA64981E1508FB570077266D /* Release */ = {
			isa = XCBuildConfiguration;
			buildSettings = {
				GCC_PRECOMPILE_PREFIX_HEADER = YES;
				GCC_PREFIX_HEADER = "Excercise09/Excercise09-Prefix.pch";
				INFOPLIST_FILE = "Excercise09/Excercise09-Info.plist";
				PRODUCT_NAME = "$(TARGET_NAME)";
				WRAPPER_EXTENSION = app;
			};
			name = Release;
		};
/* End XCBuildConfiguration section */

/* Begin XCConfigurationList section */
		EA6497FE1508FB570077266D /* Build configuration list for PBXProject "Excercise09" */ = {
			isa = XCConfigurationList;
			buildConfigurations = (
				EA64981A1508FB570077266D /* Debug */,
				EA64981B1508FB570077266D /* Release */,
			);
			defaultConfigurationIsVisible = 0;
			defaultConfigurationName = Release;
		};
		EA64981C1508FB570077266D /* Build configuration list for PBXNativeTarget "Excercise09" */ = {
			isa = XCConfigurationList;
			buildConfigurations = (
				EA64981D1508FB570077266D /* Debug */,
				EA64981E1508FB570077266D /* Release */,
			);
			defaultConfigurationIsVisible = 0;
		};
/* End XCConfigurationList section */
	};
	rootObject = EA6497FB1508FB570077266D /* Project object */;
}
